
Microsoft Visual Studio Solution File, Format Version 12.00
Project("{FAE04EC0-301F-11D3-BF4B-00C04F79EFBC}") = "Domain", "Domain\Domain.csproj", "{45E52EA4-5AC1-4F29-B6E9-36FC31D964C3}"
EndProject
Project("{FAE04EC0-301F-11D3-BF4B-00C04F79EFBC}") = "DataAccess", "DataAccess\DataAccess.csproj", "{DA02DE12-81A2-44CF-84C9-727901BBE319}"
EndProject
Project("{FAE04EC0-301F-11D3-BF4B-00C04F79EFBC}") = "Application", "Application\Application.csproj", "{BA2652A0-2328-4DA0-92D3-5D015A4DB4F7}"
EndProject
Project("{FAE04EC0-301F-11D3-BF4B-00C04F79EFBC}") = "BlazorApp", "BlazorApp\BlazorApp.csproj", "{94E951AA-B3BC-4CEC-9AC6-7E4E489AB4B2}"
EndProject
Global
	GlobalSection(SolutionConfigurationPlatforms) = preSolution
		Debug|Any CPU = Debug|Any CPU
		Release|Any CPU = Release|Any CPU
	EndGlobalSection
	GlobalSection(ProjectConfigurationPlatforms) = postSolution
		{45E52EA4-5AC1-4F29-B6E9-36FC31D964C3}.Debug|Any CPU.ActiveCfg = Debug|Any CPU
		{45E52EA4-5AC1-4F29-B6E9-36FC31D964C3}.Debug|Any CPU.Build.0 = Debug|Any CPU
		{45E52EA4-5AC1-4F29-B6E9-36FC31D964C3}.Release|Any CPU.ActiveCfg = Release|Any CPU
		{45E52EA4-5AC1-4F29-B6E9-36FC31D964C3}.Release|Any CPU.Build.0 = Release|Any CPU
		{DA02DE12-81A2-44CF-84C9-727901BBE319}.Debug|Any CPU.ActiveCfg = Debug|Any CPU
		{DA02DE12-81A2-44CF-84C9-727901BBE319}.Debug|Any CPU.Build.0 = Debug|Any CPU
		{DA02DE12-81A2-44CF-84C9-727901BBE319}.Release|Any CPU.ActiveCfg = Release|Any CPU
		{DA02DE12-81A2-44CF-84C9-727901BBE319}.Release|Any CPU.Build.0 = Release|Any CPU
		{BA2652A0-2328-4DA0-92D3-5D015A4DB4F7}.Debug|Any CPU.ActiveCfg = Debug|Any CPU
		{BA2652A0-2328-4DA0-92D3-5D015A4DB4F7}.Debug|Any CPU.Build.0 = Debug|Any CPU
		{BA2652A0-2328-4DA0-92D3-5D015A4DB4F7}.Release|Any CPU.ActiveCfg = Release|Any CPU
		{BA2652A0-2328-4DA0-92D3-5D015A4DB4F7}.Release|Any CPU.Build.0 = Release|Any CPU
		{94E951AA-B3BC-4CEC-9AC6-7E4E489AB4B2}.Debug|Any CPU.ActiveCfg = Debug|Any CPU
		{94E951AA-B3BC-4CEC-9AC6-7E4E489AB4B2}.Debug|Any CPU.Build.0 = Debug|Any CPU
		{94E951AA-B3BC-4CEC-9AC6-7E4E489AB4B2}.Release|Any CPU.ActiveCfg = Release|Any CPU
		{94E951AA-B3BC-4CEC-9AC6-7E4E489AB4B2}.Release|Any CPU.Build.0 = Release|Any CPU
	EndGlobalSection
EndGlobal
